
Microsoft Visual Studio Solution File, Format Version 12.00
# Visual Studio Version 16
VisualStudioVersion = 16.0.30330.147
MinimumVisualStudioVersion = 10.0.40219.1
Project("{9092AA53-FB77-4645-B42D-1CCCA6BD08BD}") = "TicTacToe", "TicTacToe\TicTacToe.njsproj", "{BF9FA3A9-D4F1-47A6-8971-0AABC5A65461}"
EndProject
Global
	GlobalSection(SolutionConfigurationPlatforms) = preSolution
		Debug|Any CPU = Debug|Any CPU
		Release|Any CPU = Release|Any CPU
	EndGlobalSection
	GlobalSection(ProjectConfigurationPlatforms) = postSolution
		{BF9FA3A9-D4F1-47A6-8971-0AABC5A65461}.Debug|Any CPU.ActiveCfg = Debug|Any CPU
		{BF9FA3A9-D4F1-47A6-8971-0AABC5A65461}.Debug|Any CPU.Build.0 = Debug|Any CPU
		{BF9FA3A9-D4F1-47A6-8971-0AABC5A65461}.Release|Any CPU.ActiveCfg = Release|Any CPU
		{BF9FA3A9-D4F1-47A6-8971-0AABC5A65461}.Release|Any CPU.Build.0 = Release|Any CPU
	EndGlobalSection
	GlobalSection(SolutionProperties) = preSolution
		HideSolutionNode = FALSE
	EndGlobalSection
	GlobalSection(ExtensibilityGlobals) = postSolution
		SolutionGuid = {5934A72A-6052-474E-BF32-06487A2A7956}
	EndGlobalSection
EndGlobal
